{
  "name": "mercury-code",
  "version": "1.0.0",
  "lockfileVersion": 3,
  "requires": true,
  "packages": {
    "": {
      "name": "mercury-code",
      "version": "1.0.0",
      "license": "MIT",
      "bin": {
        "mercury": "cli.js",
        "mercury-code": "cli.js"
      },
      "engines": {
        "node": ">=18.17.0"
      }
    }
  }
}
